PODS:
  - BigInt (1.2.3)
  - Introspect (0.1.3)
  - QRCoder (1.1.0)
  - SwiftLint (0.43.1)
  - SwiftProtobuf (1.16.0)
  - SwiftRadix (1.0.1)
  - SwiftySSS (0.0.1)
  - TrustWalletCore (2.6.4):
    - TrustWalletCore/Core (= 2.6.4)
  - TrustWalletCore/Core (2.6.4):
    - TrustWalletCore/Types
  - TrustWalletCore/Types (2.6.4):
    - SwiftProtobuf

DEPENDENCIES:
  - BigInt (from `https://github.com/CryptoboyApp/BigInt.git`)
  - Introspect
  - QRCoder (from `https://github.com/CryptoboyApp/QRCoder.git`)
  - SwiftLint
  - SwiftRadix (from `https://github.com/CryptoboyApp/SwiftRadix.git`)
  - SwiftySSS (from `https://github.com/CryptoboyApp/SwiftySSS.git`)
  - TrustWalletCore

SPEC REPOS:
  trunk:
    - Introspect
    - SwiftLint
    - SwiftProtobuf
    - TrustWalletCore

EXTERNAL SOURCES:
  BigInt:
    :git: https://github.com/CryptoboyApp/BigInt.git
  QRCoder:
    :git: https://github.com/CryptoboyApp/QRCoder.git
  SwiftRadix:
    :git: https://github.com/CryptoboyApp/SwiftRadix.git
  SwiftySSS:
    :git: https://github.com/CryptoboyApp/SwiftySSS.git

CHECKOUT OPTIONS:
  BigInt:
    :commit: 2050b000e801ea6214d8ca752d181dbc3e7a470a
    :git: https://github.com/CryptoboyApp/BigInt.git
  QRCoder:
    :commit: 4b4d3d9d4ece355c8b65700741e0775e39b2096f
    :git: https://github.com/CryptoboyApp/QRCoder.git
  SwiftRadix:
    :commit: 7c527cb24d54e23667506d7cc65263815597ac69
    :git: https://github.com/CryptoboyApp/SwiftRadix.git
  SwiftySSS:
    :commit: 41872dcb11cb3eb8f50553fe5c6878f4e18cc159
    :git: https://github.com/CryptoboyApp/SwiftySSS.git

SPEC CHECKSUMS:
  BigInt: c0cfaa50e3a3786427ebff2d71e2e3e9a179c2f2
  Introspect: 2be020f30f084ada52bb4387fff83fa52c5c400e
  QRCoder: 9f0104a0369789b16e6629ff184de08b5ee6fa0c
  SwiftLint: 99f82d07b837b942dd563c668de129a03fc3fb52
  SwiftProtobuf: 4e16842b83c6fda06b10fac50d73b3f1fce8ab7b
  SwiftRadix: 0612a4dee7a21904556dbc0d554a7c5ab7912b0f
  SwiftySSS: 0fb8ae1831fffa36e6020241c730b784031a5be0
  TrustWalletCore: 6e7a2da9b8351cd013150ce36c7078fec3bc0fd8

PODFILE CHECKSUM: 524923ef54fab268d69ace44e0808e48a5149771

COCOAPODS: 1.10.1
