// !$*UTF8*$!
{
	archiveVersion = 1;
	classes = {
	};
	objectVersion = 54;
	objects = {

/* Begin PBXBuildFile section */
		D6C7DF986CAFDA924E75CAF6 /* libPods-cryptoboy.a in Frameworks */ = {isa = PBXBuildFile; fileRef = E4727DD0F9BEFDA300BF544E /* libPods-cryptoboy.a */; };
		E902F3E32616140300825004 /* CryptoUnitFormatter.swift in Sources */ = {isa = PBXBuildFile; fileRef = E902F3E22616140300825004 /* CryptoUnitFormatter.swift */; };
		E902F3EE2616170B00825004 /* String+Filtering.swift in Sources */ = {isa = PBXBuildFile; fileRef = E902F3ED2616170B00825004 /* String+Filtering.swift */; };
		E902F3F326161C4500825004 /* MinorUnit.swift in Sources */ = {isa = PBXBuildFile; fileRef = E902F3F226161C4500825004 /* MinorUnit.swift */; };
		E902F423261630F300825004 /* QRCodeHelper.swift in Sources */ = {isa = PBXBuildFile; fileRef = E902F422261630F300825004 /* QRCodeHelper.swift */; };
		E902F42E2616394500825004 /* QRCodeDisplayView.swift in Sources */ = {isa = PBXBuildFile; fileRef = E902F42D2616394500825004 /* QRCodeDisplayView.swift */; };
		E90775BD261E660D009D3D95 /* DigitalSignaturesView.swift in Sources */ = {isa = PBXBuildFile; fileRef = E90775BC261E660D009D3D95 /* DigitalSignaturesView.swift */; };
		E90775C5261E7444009D3D95 /* SignatureFormat.swift in Sources */ = {isa = PBXBuildFile; fileRef = E90775C4261E7444009D3D95 /* SignatureFormat.swift */; };
		E90775CA261E757C009D3D95 /* DigitalSignatureItemView.swift in Sources */ = {isa = PBXBuildFile; fileRef = E90775C9261E757C009D3D95 /* DigitalSignatureItemView.swift */; };
		E90853C0261148F30001B9BE /* EncodingItemView.swift in Sources */ = {isa = PBXBuildFile; fileRef = E90853BF261148F30001B9BE /* EncodingItemView.swift */; };
		E90853C5261149290001B9BE /* EncodingView.swift in Sources */ = {isa = PBXBuildFile; fileRef = E90853C4261149290001B9BE /* EncodingView.swift */; };
		E90853CE261153510001B9BE /* AboutDonateItem.swift in Sources */ = {isa = PBXBuildFile; fileRef = E90853CD261153510001B9BE /* AboutDonateItem.swift */; };
		E90853D9261157D50001B9BE /* AboutSystemItem.swift in Sources */ = {isa = PBXBuildFile; fileRef = E90853D8261157D50001B9BE /* AboutSystemItem.swift */; };
		E90853DE261158700001B9BE /* AboutLinkItem.swift in Sources */ = {isa = PBXBuildFile; fileRef = E90853DD261158700001B9BE /* AboutLinkItem.swift */; };
		E9088B882617CE45008C3BBC /* EllipticCurveView.swift in Sources */ = {isa = PBXBuildFile; fileRef = E9088B872617CE45008C3BBC /* EllipticCurveView.swift */; };
		E9088B932617D287008C3BBC /* EllipticCurveItemView.swift in Sources */ = {isa = PBXBuildFile; fileRef = E9088B922617D287008C3BBC /* EllipticCurveItemView.swift */; };
		E9088B992617D311008C3BBC /* EllipticCurvePublicKey.swift in Sources */ = {isa = PBXBuildFile; fileRef = E9088B982617D311008C3BBC /* EllipticCurvePublicKey.swift */; };
		E9163B00260EA4BA00453411 /* FunctionsView.swift in Sources */ = {isa = PBXBuildFile; fileRef = E9163AFF260EA4BA00453411 /* FunctionsView.swift */; };
		E9163B02260EA4BA00453411 /* Assets.xcassets in Resources */ = {isa = PBXBuildFile; fileRef = E9163B01260EA4BA00453411 /* Assets.xcassets */; };
		E9163B05260EA4BA00453411 /* Preview Assets.xcassets in Resources */ = {isa = PBXBuildFile; fileRef = E9163B04260EA4BA00453411 /* Preview Assets.xcassets */; };
		E9163B3A260EAAD200453411 /* MenuSection.swift in Sources */ = {isa = PBXBuildFile; fileRef = E9163B36260EAAD200453411 /* MenuSection.swift */; };
		E9163B40260EACA900453411 /* NavigationRow.swift in Sources */ = {isa = PBXBuildFile; fileRef = E9163B3F260EACA900453411 /* NavigationRow.swift */; };
		E9163B45260EAEA200453411 /* ComingSoonView.swift in Sources */ = {isa = PBXBuildFile; fileRef = E9163B44260EAEA200453411 /* ComingSoonView.swift */; };
		E9163B4F260EB31200453411 /* MainView.swift in Sources */ = {isa = PBXBuildFile; fileRef = E9163B4E260EB31200453411 /* MainView.swift */; };
		E928CEAB2627A893004FD5B4 /* CopyInputButtonView.swift in Sources */ = {isa = PBXBuildFile; fileRef = E928CEAA2627A893004FD5B4 /* CopyInputButtonView.swift */; };
		E937D404260ECB8A00A75B06 /* String+Hashing.swift in Sources */ = {isa = PBXBuildFile; fileRef = E937D403260ECB8A00A75B06 /* String+Hashing.swift */; };
		E945C397260EC96900E732A0 /* CryptoBoyApp.swift in Sources */ = {isa = PBXBuildFile; fileRef = E945C396260EC96900E732A0 /* CryptoBoyApp.swift */; };
		E945C39C260EC96F00E732A0 /* HashingView.swift in Sources */ = {isa = PBXBuildFile; fileRef = E945C39B260EC96F00E732A0 /* HashingView.swift */; };
		E94E70D82618DCDF00354851 /* DiffieHellmanView.swift in Sources */ = {isa = PBXBuildFile; fileRef = E94E70D72618DCDF00354851 /* DiffieHellmanView.swift */; };
		E94E70E02618E1A300354851 /* DecodingItemView.swift in Sources */ = {isa = PBXBuildFile; fileRef = E94E70DF2618E1A300354851 /* DecodingItemView.swift */; };
		E9524A5D263DB7CB0069FFA9 /* QRCodeGenerator.swift in Sources */ = {isa = PBXBuildFile; fileRef = E9524A5C263DB7CB0069FFA9 /* QRCodeGenerator.swift */; };
		E95432092612B29B001918F3 /* Theme.swift in Sources */ = {isa = PBXBuildFile; fileRef = E95432082612B29B001918F3 /* Theme.swift */; };
		E954320F2612B389001918F3 /* SelectThemeButton.swift in Sources */ = {isa = PBXBuildFile; fileRef = E954320E2612B389001918F3 /* SelectThemeButton.swift */; };
		E95432142612B3A8001918F3 /* SelectThemeView.swift in Sources */ = {isa = PBXBuildFile; fileRef = E95432132612B3A8001918F3 /* SelectThemeView.swift */; };
		E954321D2612B701001918F3 /* QRCodeGeneratorView.swift in Sources */ = {isa = PBXBuildFile; fileRef = E954321C2612B701001918F3 /* QRCodeGeneratorView.swift */; };
		E96557D92616A432004E7BF1 /* BaseUnitConverterView.swift in Sources */ = {isa = PBXBuildFile; fileRef = E96557D82616A432004E7BF1 /* BaseUnitConverterView.swift */; };
		E96557DE2616A536004E7BF1 /* BaseUnit.swift in Sources */ = {isa = PBXBuildFile; fileRef = E96557DD2616A536004E7BF1 /* BaseUnit.swift */; };
		E96A4A85260FE062009EA367 /* CurrenciesView.swift in Sources */ = {isa = PBXBuildFile; fileRef = E96A4A84260FE062009EA367 /* CurrenciesView.swift */; };
		E96A4A8E260FE2DF009EA367 /* ClipboardView.swift in Sources */ = {isa = PBXBuildFile; fileRef = E96A4A8C260FE2DF009EA367 /* ClipboardView.swift */; };
		E96A4A8F260FE2DF009EA367 /* SettingsView.swift in Sources */ = {isa = PBXBuildFile; fileRef = E96A4A8D260FE2DF009EA367 /* SettingsView.swift */; };
		E96A4AAA260FFD74009EA367 /* AppState.swift in Sources */ = {isa = PBXBuildFile; fileRef = E96A4AA9260FFD74009EA367 /* AppState.swift */; };
		E96A4AB2260FFF0D009EA367 /* HashingItemView.swift in Sources */ = {isa = PBXBuildFile; fileRef = E96A4AB1260FFF0D009EA367 /* HashingItemView.swift */; };
		E96BC5022617B7C000D52BEF /* BaseUnitFormatter.swift in Sources */ = {isa = PBXBuildFile; fileRef = E96BC5012617B7C000D52BEF /* BaseUnitFormatter.swift */; };
		E96FB2EA2637586F00843CE1 /* HexKeyboardViewModifier.swift in Sources */ = {isa = PBXBuildFile; fileRef = E96FB2E92637586F00843CE1 /* HexKeyboardViewModifier.swift */; };
		E96FB2EF2637592300843CE1 /* UITextField.swift in Sources */ = {isa = PBXBuildFile; fileRef = E96FB2EE2637592300843CE1 /* UITextField.swift */; };
		E96FB3032637605200843CE1 /* SimpleKeyboardViewModifier.swift in Sources */ = {isa = PBXBuildFile; fileRef = E96FB3022637605200843CE1 /* SimpleKeyboardViewModifier.swift */; };
		E96FB31426376AF400843CE1 /* ClipboardItemView.swift in Sources */ = {isa = PBXBuildFile; fileRef = E96FB31326376AF400843CE1 /* ClipboardItemView.swift */; };
		E97093282621088700C65FB3 /* ArbitaryPrecisionView.swift in Sources */ = {isa = PBXBuildFile; fileRef = E97093272621088700C65FB3 /* ArbitaryPrecisionView.swift */; };
		E97093AC26210E0500C65FB3 /* BigOperation.swift in Sources */ = {isa = PBXBuildFile; fileRef = E97093AB26210E0500C65FB3 /* BigOperation.swift */; };
		E97879FB2617EE88003C66B2 /* Data+Hashing.swift in Sources */ = {isa = PBXBuildFile; fileRef = E97879FA2617EE88003C66B2 /* Data+Hashing.swift */; };
		E9787A06261804FE003C66B2 /* PolkadotUnitConverter.swift in Sources */ = {isa = PBXBuildFile; fileRef = E9787A05261804FE003C66B2 /* PolkadotUnitConverter.swift */; };
		E991FFEA263CD73A007CDD8F /* SystemState.swift in Sources */ = {isa = PBXBuildFile; fileRef = E991FFE9263CD73A007CDD8F /* SystemState.swift */; };
		E991FFEC263CD854007CDD8F /* MessageState.swift in Sources */ = {isa = PBXBuildFile; fileRef = E991FFEB263CD854007CDD8F /* MessageState.swift */; };
		E991FFEE263CE3F5007CDD8F /* BinaryState.swift in Sources */ = {isa = PBXBuildFile; fileRef = E991FFED263CE3F5007CDD8F /* BinaryState.swift */; };
		E991FFF0263CEBE5007CDD8F /* KeypairState.swift in Sources */ = {isa = PBXBuildFile; fileRef = E991FFEF263CEBE5007CDD8F /* KeypairState.swift */; };
		E991FFF4263CF0BD007CDD8F /* ThemeState.swift in Sources */ = {isa = PBXBuildFile; fileRef = E991FFF3263CF0BD007CDD8F /* ThemeState.swift */; };
		E991FFF6263CF196007CDD8F /* MenuState.swift in Sources */ = {isa = PBXBuildFile; fileRef = E991FFF5263CF196007CDD8F /* MenuState.swift */; };
		E99F77B3261240DB009BDFF1 /* Array+RawRepresentable.swift in Sources */ = {isa = PBXBuildFile; fileRef = E99F77B2261240DB009BDFF1 /* Array+RawRepresentable.swift */; };
		E99F77C7261269EA009BDFF1 /* BitcoinUnitView.swift in Sources */ = {isa = PBXBuildFile; fileRef = E99F77C6261269EA009BDFF1 /* BitcoinUnitView.swift */; };
		E99F77FB26128569009BDFF1 /* EthereumUnitView.swift in Sources */ = {isa = PBXBuildFile; fileRef = E99F77FA26128569009BDFF1 /* EthereumUnitView.swift */; };
		E9ACD0DC2617E30B00650EAC /* MenuItem.swift in Sources */ = {isa = PBXBuildFile; fileRef = E9ACD0DB2617E30B00650EAC /* MenuItem.swift */; };
		E9ADCF4926226B3300B0862E /* ClipboardHelper.swift in Sources */ = {isa = PBXBuildFile; fileRef = E9ADCF4826226B3300B0862E /* ClipboardHelper.swift */; };
		E9ADCF5126226CB000B0862E /* CopyAlertTextView.swift in Sources */ = {isa = PBXBuildFile; fileRef = E9ADCF5026226CB000B0862E /* CopyAlertTextView.swift */; };
		E9ADCF5D26228B7B00B0862E /* ClearButtonView.swift in Sources */ = {isa = PBXBuildFile; fileRef = E9ADCF5C26228B7B00B0862E /* ClearButtonView.swift */; };
		E9BC9415261125E400D8B83E /* String+Encoding.swift in Sources */ = {isa = PBXBuildFile; fileRef = E9BC9414261125E400D8B83E /* String+Encoding.swift */; };
		E9BC942A26112C9900D8B83E /* PasteNavigationBar.swift in Sources */ = {isa = PBXBuildFile; fileRef = E9BC942926112C9900D8B83E /* PasteNavigationBar.swift */; };
		E9D6005F2623D6A300AD3DCD /* LitecoinUnitView.swift in Sources */ = {isa = PBXBuildFile; fileRef = E9D6005E2623D6A300AD3DCD /* LitecoinUnitView.swift */; };
		E9E2902F262247EA00ADA2B7 /* ShamirSecretView.swift in Sources */ = {isa = PBXBuildFile; fileRef = E9E2902E262247EA00ADA2B7 /* ShamirSecretView.swift */; };
		E9ED74B12612E93300DCD4A3 /* DarkModeViewModifier.swift in Sources */ = {isa = PBXBuildFile; fileRef = E9ED74B02612E93300DCD4A3 /* DarkModeViewModifier.swift */; };
		E9ED74B92612F6C200DCD4A3 /* ThemeViewModifier.swift in Sources */ = {isa = PBXBuildFile; fileRef = E9ED74B82612F6C200DCD4A3 /* ThemeViewModifier.swift */; };
		E9ED74C12612F8F500DCD4A3 /* HashFunction.swift in Sources */ = {isa = PBXBuildFile; fileRef = E9ED74C02612F8F500DCD4A3 /* HashFunction.swift */; };
		E9ED74C62612FAAE00DCD4A3 /* EncodingFormat.swift in Sources */ = {isa = PBXBuildFile; fileRef = E9ED74C52612FAAE00DCD4A3 /* EncodingFormat.swift */; };
		E9ED74CE2612FCC900DCD4A3 /* NavigationViewModifier.swift in Sources */ = {isa = PBXBuildFile; fileRef = E9ED74CD2612FCC900DCD4A3 /* NavigationViewModifier.swift */; };
		E9ED74D9261301B300DCD4A3 /* PageType.swift in Sources */ = {isa = PBXBuildFile; fileRef = E9ED74D8261301B300DCD4A3 /* PageType.swift */; };
/* End PBXBuildFile section */

/* Begin PBXFileReference section */
		DB873BBB4D4F864C700D46AD /* Pods-cryptoboy.debug.xcconfig */ = {isa = PBXFileReference; includeInIndex = 1; lastKnownFileType = text.xcconfig; name = "Pods-cryptoboy.debug.xcconfig"; path = "Target Support Files/Pods-cryptoboy/Pods-cryptoboy.debug.xcconfig"; sourceTree = "<group>"; };
		E1E84236F48D7A61A8D3980E /* Pods-cryptoboy.release.xcconfig */ = {isa = PBXFileReference; includeInIndex = 1; lastKnownFileType = text.xcconfig; name = "Pods-cryptoboy.release.xcconfig"; path = "Target Support Files/Pods-cryptoboy/Pods-cryptoboy.release.xcconfig"; sourceTree = "<group>"; };
		E4727DD0F9BEFDA300BF544E /* libPods-cryptoboy.a */ = {isa = PBXFileReference; explicitFileType = archive.ar; includeInIndex = 0; path = "libPods-cryptoboy.a"; sourceTree = BUILT_PRODUCTS_DIR; };
		E902F3E22616140300825004 /* CryptoUnitFormatter.swift */ = {isa = PBXFileReference; lastKnownFileType = sourcecode.swift; path = CryptoUnitFormatter.swift; sourceTree = "<group>"; };
		E902F3ED2616170B00825004 /* String+Filtering.swift */ = {isa = PBXFileReference; lastKnownFileType = sourcecode.swift; path = "String+Filtering.swift"; sourceTree = "<group>"; };
		E902F3F226161C4500825004 /* MinorUnit.swift */ = {isa = PBXFileReference; lastKnownFileType = sourcecode.swift; path = MinorUnit.swift; sourceTree = "<group>"; };
		E902F422261630F300825004 /* QRCodeHelper.swift */ = {isa = PBXFileReference; lastKnownFileType = sourcecode.swift; path = QRCodeHelper.swift; sourceTree = "<group>"; };
		E902F42D2616394500825004 /* QRCodeDisplayView.swift */ = {isa = PBXFileReference; lastKnownFileType = sourcecode.swift; path = QRCodeDisplayView.swift; sourceTree = "<group>"; };
		E90775BC261E660D009D3D95 /* DigitalSignaturesView.swift */ = {isa = PBXFileReference; lastKnownFileType = sourcecode.swift; path = DigitalSignaturesView.swift; sourceTree = "<group>"; };
		E90775C4261E7444009D3D95 /* SignatureFormat.swift */ = {isa = PBXFileReference; lastKnownFileType = sourcecode.swift; path = SignatureFormat.swift; sourceTree = "<group>"; };
		E90775C9261E757C009D3D95 /* DigitalSignatureItemView.swift */ = {isa = PBXFileReference; lastKnownFileType = sourcecode.swift; path = DigitalSignatureItemView.swift; sourceTree = "<group>"; };
		E90853BF261148F30001B9BE /* EncodingItemView.swift */ = {isa = PBXFileReference; lastKnownFileType = sourcecode.swift; path = EncodingItemView.swift; sourceTree = "<group>"; };
		E90853C4261149290001B9BE /* EncodingView.swift */ = {isa = PBXFileReference; lastKnownFileType = sourcecode.swift; path = EncodingView.swift; sourceTree = "<group>"; };
		E90853CD261153510001B9BE /* AboutDonateItem.swift */ = {isa = PBXFileReference; lastKnownFileType = sourcecode.swift; path = AboutDonateItem.swift; sourceTree = "<group>"; };
		E90853D8261157D50001B9BE /* AboutSystemItem.swift */ = {isa = PBXFileReference; lastKnownFileType = sourcecode.swift; path = AboutSystemItem.swift; sourceTree = "<group>"; };
		E90853DD261158700001B9BE /* AboutLinkItem.swift */ = {isa = PBXFileReference; lastKnownFileType = sourcecode.swift; path = AboutLinkItem.swift; sourceTree = "<group>"; };
		E9088B872617CE45008C3BBC /* EllipticCurveView.swift */ = {isa = PBXFileReference; lastKnownFileType = sourcecode.swift; path = EllipticCurveView.swift; sourceTree = "<group>"; };
		E9088B922617D287008C3BBC /* EllipticCurveItemView.swift */ = {isa = PBXFileReference; lastKnownFileType = sourcecode.swift; path = EllipticCurveItemView.swift; sourceTree = "<group>"; };
		E9088B982617D311008C3BBC /* EllipticCurvePublicKey.swift */ = {isa = PBXFileReference; lastKnownFileType = sourcecode.swift; path = EllipticCurvePublicKey.swift; sourceTree = "<group>"; };
		E9163AFA260EA4BA00453411 /* cryptoboy.app */ = {isa = PBXFileReference; explicitFileType = wrapper.application; includeInIndex = 0; path = cryptoboy.app; sourceTree = BUILT_PRODUCTS_DIR; };
		E9163AFF260EA4BA00453411 /* FunctionsView.swift */ = {isa = PBXFileReference; lastKnownFileType = sourcecode.swift; path = FunctionsView.swift; sourceTree = "<group>"; };
		E9163B01260EA4BA00453411 /* Assets.xcassets */ = {isa = PBXFileReference; lastKnownFileType = folder.assetcatalog; path = Assets.xcassets; sourceTree = "<group>"; };
		E9163B04260EA4BA00453411 /* Preview Assets.xcassets */ = {isa = PBXFileReference; lastKnownFileType = folder.assetcatalog; path = "Preview Assets.xcassets"; sourceTree = "<group>"; };
		E9163B06260EA4BA00453411 /* Info.plist */ = {isa = PBXFileReference; lastKnownFileType = text.plist.xml; path = Info.plist; sourceTree = "<group>"; };
		E9163B36260EAAD200453411 /* MenuSection.swift */ = {isa = PBXFileReference; fileEncoding = 4; lastKnownFileType = sourcecode.swift; path = MenuSection.swift; sourceTree = "<group>"; };
		E9163B3F260EACA900453411 /* NavigationRow.swift */ = {isa = PBXFileReference; lastKnownFileType = sourcecode.swift; path = NavigationRow.swift; sourceTree = "<group>"; };
		E9163B44260EAEA200453411 /* ComingSoonView.swift */ = {isa = PBXFileReference; lastKnownFileType = sourcecode.swift; path = ComingSoonView.swift; sourceTree = "<group>"; };
		E9163B4E260EB31200453411 /* MainView.swift */ = {isa = PBXFileReference; lastKnownFileType = sourcecode.swift; path = MainView.swift; sourceTree = "<group>"; };
		E928CEAA2627A893004FD5B4 /* CopyInputButtonView.swift */ = {isa = PBXFileReference; lastKnownFileType = sourcecode.swift; path = CopyInputButtonView.swift; sourceTree = "<group>"; };
		E937D403260ECB8A00A75B06 /* String+Hashing.swift */ = {isa = PBXFileReference; lastKnownFileType = sourcecode.swift; path = "String+Hashing.swift"; sourceTree = "<group>"; };
		E945C396260EC96900E732A0 /* CryptoBoyApp.swift */ = {isa = PBXFileReference; fileEncoding = 4; lastKnownFileType = sourcecode.swift; path = CryptoBoyApp.swift; sourceTree = "<group>"; };
		E945C39B260EC96F00E732A0 /* HashingView.swift */ = {isa = PBXFileReference; fileEncoding = 4; lastKnownFileType = sourcecode.swift; path = HashingView.swift; sourceTree = "<group>"; };
		E94E70D72618DCDF00354851 /* DiffieHellmanView.swift */ = {isa = PBXFileReference; lastKnownFileType = sourcecode.swift; path = DiffieHellmanView.swift; sourceTree = "<group>"; };
		E94E70DF2618E1A300354851 /* DecodingItemView.swift */ = {isa = PBXFileReference; lastKnownFileType = sourcecode.swift; path = DecodingItemView.swift; sourceTree = "<group>"; };
		E9524A5C263DB7CB0069FFA9 /* QRCodeGenerator.swift */ = {isa = PBXFileReference; lastKnownFileType = sourcecode.swift; path = QRCodeGenerator.swift; sourceTree = "<group>"; };
		E95432082612B29B001918F3 /* Theme.swift */ = {isa = PBXFileReference; lastKnownFileType = sourcecode.swift; path = Theme.swift; sourceTree = "<group>"; };
		E954320E2612B389001918F3 /* SelectThemeButton.swift */ = {isa = PBXFileReference; lastKnownFileType = sourcecode.swift; path = SelectThemeButton.swift; sourceTree = "<group>"; };
		E95432132612B3A8001918F3 /* SelectThemeView.swift */ = {isa = PBXFileReference; lastKnownFileType = sourcecode.swift; path = SelectThemeView.swift; sourceTree = "<group>"; };
		E954321C2612B701001918F3 /* QRCodeGeneratorView.swift */ = {isa = PBXFileReference; lastKnownFileType = sourcecode.swift; path = QRCodeGeneratorView.swift; sourceTree = "<group>"; };
		E96557D82616A432004E7BF1 /* BaseUnitConverterView.swift */ = {isa = PBXFileReference; lastKnownFileType = sourcecode.swift; path = BaseUnitConverterView.swift; sourceTree = "<group>"; };
		E96557DD2616A536004E7BF1 /* BaseUnit.swift */ = {isa = PBXFileReference; lastKnownFileType = sourcecode.swift; path = BaseUnit.swift; sourceTree = "<group>"; };
		E96A4A84260FE062009EA367 /* CurrenciesView.swift */ = {isa = PBXFileReference; fileEncoding = 4; lastKnownFileType = sourcecode.swift; path = CurrenciesView.swift; sourceTree = "<group>"; };
		E96A4A8C260FE2DF009EA367 /* ClipboardView.swift */ = {isa = PBXFileReference; fileEncoding = 4; lastKnownFileType = sourcecode.swift; path = ClipboardView.swift; sourceTree = "<group>"; };
		E96A4A8D260FE2DF009EA367 /* SettingsView.swift */ = {isa = PBXFileReference; fileEncoding = 4; lastKnownFileType = sourcecode.swift; path = SettingsView.swift; sourceTree = "<group>"; };
		E96A4AA9260FFD74009EA367 /* AppState.swift */ = {isa = PBXFileReference; lastKnownFileType = sourcecode.swift; path = AppState.swift; sourceTree = "<group>"; };
		E96A4AB1260FFF0D009EA367 /* HashingItemView.swift */ = {isa = PBXFileReference; lastKnownFileType = sourcecode.swift; path = HashingItemView.swift; sourceTree = "<group>"; };
		E96BC5012617B7C000D52BEF /* BaseUnitFormatter.swift */ = {isa = PBXFileReference; lastKnownFileType = sourcecode.swift; path = BaseUnitFormatter.swift; sourceTree = "<group>"; };
		E96FB2E92637586F00843CE1 /* HexKeyboardViewModifier.swift */ = {isa = PBXFileReference; lastKnownFileType = sourcecode.swift; path = HexKeyboardViewModifier.swift; sourceTree = "<group>"; };
		E96FB2EE2637592300843CE1 /* UITextField.swift */ = {isa = PBXFileReference; lastKnownFileType = sourcecode.swift; path = UITextField.swift; sourceTree = "<group>"; };
		E96FB3022637605200843CE1 /* SimpleKeyboardViewModifier.swift */ = {isa = PBXFileReference; lastKnownFileType = sourcecode.swift; path = SimpleKeyboardViewModifier.swift; sourceTree = "<group>"; };
		E96FB31326376AF400843CE1 /* ClipboardItemView.swift */ = {isa = PBXFileReference; lastKnownFileType = sourcecode.swift; path = ClipboardItemView.swift; sourceTree = "<group>"; };
		E97093272621088700C65FB3 /* ArbitaryPrecisionView.swift */ = {isa = PBXFileReference; lastKnownFileType = sourcecode.swift; path = ArbitaryPrecisionView.swift; sourceTree = "<group>"; };
		E97093AB26210E0500C65FB3 /* BigOperation.swift */ = {isa = PBXFileReference; lastKnownFileType = sourcecode.swift; path = BigOperation.swift; sourceTree = "<group>"; };
		E97879FA2617EE88003C66B2 /* Data+Hashing.swift */ = {isa = PBXFileReference; lastKnownFileType = sourcecode.swift; path = "Data+Hashing.swift"; sourceTree = "<group>"; };
		E9787A05261804FE003C66B2 /* PolkadotUnitConverter.swift */ = {isa = PBXFileReference; lastKnownFileType = sourcecode.swift; path = PolkadotUnitConverter.swift; sourceTree = "<group>"; };
		E991FFE9263CD73A007CDD8F /* SystemState.swift */ = {isa = PBXFileReference; lastKnownFileType = sourcecode.swift; path = SystemState.swift; sourceTree = "<group>"; };
		E991FFEB263CD854007CDD8F /* MessageState.swift */ = {isa = PBXFileReference; lastKnownFileType = sourcecode.swift; path = MessageState.swift; sourceTree = "<group>"; };
		E991FFED263CE3F5007CDD8F /* BinaryState.swift */ = {isa = PBXFileReference; lastKnownFileType = sourcecode.swift; path = BinaryState.swift; sourceTree = "<group>"; };
		E991FFEF263CEBE5007CDD8F /* KeypairState.swift */ = {isa = PBXFileReference; lastKnownFileType = sourcecode.swift; path = KeypairState.swift; sourceTree = "<group>"; };
		E991FFF3263CF0BD007CDD8F /* ThemeState.swift */ = {isa = PBXFileReference; lastKnownFileType = sourcecode.swift; path = ThemeState.swift; sourceTree = "<group>"; };
		E991FFF5263CF196007CDD8F /* MenuState.swift */ = {isa = PBXFileReference; lastKnownFileType = sourcecode.swift; path = MenuState.swift; sourceTree = "<group>"; };
		E99F77B2261240DB009BDFF1 /* Array+RawRepresentable.swift */ = {isa = PBXFileReference; lastKnownFileType = sourcecode.swift; path = "Array+RawRepresentable.swift"; sourceTree = "<group>"; };
		E99F77C6261269EA009BDFF1 /* BitcoinUnitView.swift */ = {isa = PBXFileReference; lastKnownFileType = sourcecode.swift; path = BitcoinUnitView.swift; sourceTree = "<group>"; };
		E99F77FA26128569009BDFF1 /* EthereumUnitView.swift */ = {isa = PBXFileReference; lastKnownFileType = sourcecode.swift; path = EthereumUnitView.swift; sourceTree = "<group>"; };
		E9ACD0DB2617E30B00650EAC /* MenuItem.swift */ = {isa = PBXFileReference; lastKnownFileType = sourcecode.swift; path = MenuItem.swift; sourceTree = "<group>"; };
		E9ADCF4826226B3300B0862E /* ClipboardHelper.swift */ = {isa = PBXFileReference; lastKnownFileType = sourcecode.swift; path = ClipboardHelper.swift; sourceTree = "<group>"; };
		E9ADCF5026226CB000B0862E /* CopyAlertTextView.swift */ = {isa = PBXFileReference; lastKnownFileType = sourcecode.swift; path = CopyAlertTextView.swift; sourceTree = "<group>"; };
		E9ADCF5C26228B7B00B0862E /* ClearButtonView.swift */ = {isa = PBXFileReference; lastKnownFileType = sourcecode.swift; path = ClearButtonView.swift; sourceTree = "<group>"; };
		E9BC9414261125E400D8B83E /* String+Encoding.swift */ = {isa = PBXFileReference; lastKnownFileType = sourcecode.swift; path = "String+Encoding.swift"; sourceTree = "<group>"; };
		E9BC942926112C9900D8B83E /* PasteNavigationBar.swift */ = {isa = PBXFileReference; lastKnownFileType = sourcecode.swift; path = PasteNavigationBar.swift; sourceTree = "<group>"; };
		E9D6005E2623D6A300AD3DCD /* LitecoinUnitView.swift */ = {isa = PBXFileReference; lastKnownFileType = sourcecode.swift; path = LitecoinUnitView.swift; sourceTree = "<group>"; };
		E9E2902E262247EA00ADA2B7 /* ShamirSecretView.swift */ = {isa = PBXFileReference; lastKnownFileType = sourcecode.swift; path = ShamirSecretView.swift; sourceTree = "<group>"; };
		E9ED74B02612E93300DCD4A3 /* DarkModeViewModifier.swift */ = {isa = PBXFileReference; lastKnownFileType = sourcecode.swift; path = DarkModeViewModifier.swift; sourceTree = "<group>"; };
		E9ED74B82612F6C200DCD4A3 /* ThemeViewModifier.swift */ = {isa = PBXFileReference; lastKnownFileType = sourcecode.swift; path = ThemeViewModifier.swift; sourceTree = "<group>"; };
		E9ED74C02612F8F500DCD4A3 /* HashFunction.swift */ = {isa = PBXFileReference; lastKnownFileType = sourcecode.swift; path = HashFunction.swift; sourceTree = "<group>"; };
		E9ED74C52612FAAE00DCD4A3 /* EncodingFormat.swift */ = {isa = PBXFileReference; lastKnownFileType = sourcecode.swift; path = EncodingFormat.swift; sourceTree = "<group>"; };
		E9ED74CD2612FCC900DCD4A3 /* NavigationViewModifier.swift */ = {isa = PBXFileReference; lastKnownFileType = sourcecode.swift; path = NavigationViewModifier.swift; sourceTree = "<group>"; };
		E9ED74D8261301B300DCD4A3 /* PageType.swift */ = {isa = PBXFileReference; lastKnownFileType = sourcecode.swift; path = PageType.swift; sourceTree = "<group>"; };
/* End PBXFileReference section */

/* Begin PBXFrameworksBuildPhase section */
		E9163AF7260EA4BA00453411 /* Frameworks */ = {
			isa = PBXFrameworksBuildPhase;
			buildActionMask = 2147483647;
			files = (
				D6C7DF986CAFDA924E75CAF6 /* libPods-cryptoboy.a in Frameworks */,
			);
			runOnlyForDeploymentPostprocessing = 0;
		};
/* End PBXFrameworksBuildPhase section */

/* Begin PBXGroup section */
		5BB926CD15A7B800ADD3CC0D /* Frameworks */ = {
			isa = PBXGroup;
			children = (
				E4727DD0F9BEFDA300BF544E /* libPods-cryptoboy.a */,
			);
			name = Frameworks;
			sourceTree = "<group>";
		};
		7774E28BE82C84E08FD4C1EE /* Pods */ = {
			isa = PBXGroup;
			children = (
				DB873BBB4D4F864C700D46AD /* Pods-cryptoboy.debug.xcconfig */,
				E1E84236F48D7A61A8D3980E /* Pods-cryptoboy.release.xcconfig */,
			);
			path = Pods;
			sourceTree = "<group>";
		};
		E90853F126115EF90001B9BE /* Helpers */ = {
			isa = PBXGroup;
			children = (
				E96BC5012617B7C000D52BEF /* BaseUnitFormatter.swift */,
				E9ADCF4826226B3300B0862E /* ClipboardHelper.swift */,
				E902F3E22616140300825004 /* CryptoUnitFormatter.swift */,
				E902F422261630F300825004 /* QRCodeHelper.swift */,
				E9524A5C263DB7CB0069FFA9 /* QRCodeGenerator.swift */,
			);
			path = Helpers;
			sourceTree = "<group>";
		};
		E90853FA26115FFF0001B9BE /* Extensions */ = {
			isa = PBXGroup;
			children = (
				E99F77B2261240DB009BDFF1 /* Array+RawRepresentable.swift */,
				E97879FA2617EE88003C66B2 /* Data+Hashing.swift */,
				E9BC9414261125E400D8B83E /* String+Encoding.swift */,
				E902F3ED2616170B00825004 /* String+Filtering.swift */,
				E937D403260ECB8A00A75B06 /* String+Hashing.swift */,
				E96FB2EE2637592300843CE1 /* UITextField.swift */,
			);
			path = Extensions;
			sourceTree = "<group>";
		};
		E9088B972617D2B5008C3BBC /* Data */ = {
			isa = PBXGroup;
			children = (
				E96557DD2616A536004E7BF1 /* BaseUnit.swift */,
				E97093AB26210E0500C65FB3 /* BigOperation.swift */,
				E9088B982617D311008C3BBC /* EllipticCurvePublicKey.swift */,
				E9ED74C52612FAAE00DCD4A3 /* EncodingFormat.swift */,
				E9ED74C02612F8F500DCD4A3 /* HashFunction.swift */,
				E902F3F226161C4500825004 /* MinorUnit.swift */,
				E90775C4261E7444009D3D95 /* SignatureFormat.swift */,
			);
			path = Data;
			sourceTree = "<group>";
		};
		E9163AF1260EA4BA00453411 = {
			isa = PBXGroup;
			children = (
				E9163AFC260EA4BA00453411 /* cryptoboy */,
				E9163AFB260EA4BA00453411 /* Products */,
				7774E28BE82C84E08FD4C1EE /* Pods */,
				5BB926CD15A7B800ADD3CC0D /* Frameworks */,
			);
			sourceTree = "<group>";
		};
		E9163AFB260EA4BA00453411 /* Products */ = {
			isa = PBXGroup;
			children = (
				E9163AFA260EA4BA00453411 /* cryptoboy.app */,
			);
			name = Products;
			sourceTree = "<group>";
		};
		E9163AFC260EA4BA00453411 /* cryptoboy */ = {
			isa = PBXGroup;
			children = (
				E9163B54260EB38400453411 /* Core */,
				E9088B972617D2B5008C3BBC /* Data */,
				E90853FA26115FFF0001B9BE /* Extensions */,
				E90853F126115EF90001B9BE /* Helpers */,
				E9163B53260EB36F00453411 /* Views */,
				E9163B01260EA4BA00453411 /* Assets.xcassets */,
				E9163B06260EA4BA00453411 /* Info.plist */,
				E9163B03260EA4BA00453411 /* Preview Content */,
			);
			path = cryptoboy;
			sourceTree = "<group>";
		};
		E9163B03260EA4BA00453411 /* Preview Content */ = {
			isa = PBXGroup;
			children = (
				E9163B04260EA4BA00453411 /* Preview Assets.xcassets */,
			);
			path = "Preview Content";
			sourceTree = "<group>";
		};
		E9163B53260EB36F00453411 /* Views */ = {
			isa = PBXGroup;
			children = (
				E9ACD0CE2617E1FF00650EAC /* Common */,
				E95432182612B66C001918F3 /* Currencies */,
				E9D14B69260FDB81000B191B /* Functions */,
				E96A4A9F260FE4C9009EA367 /* Navigation */,
				E9ED74AF2612E91A00DCD4A3 /* Modifiers */,
				E954320D2612B358001918F3 /* Settings */,
				E945C396260EC96900E732A0 /* CryptoBoyApp.swift */,
				E9163B4E260EB31200453411 /* MainView.swift */,
				E9163AFF260EA4BA00453411 /* FunctionsView.swift */,
				E96A4A8C260FE2DF009EA367 /* ClipboardView.swift */,
				E96A4A84260FE062009EA367 /* CurrenciesView.swift */,
				E96A4A8D260FE2DF009EA367 /* SettingsView.swift */,
			);
			path = Views;
			sourceTree = "<group>";
		};
		E9163B54260EB38400453411 /* Core */ = {
			isa = PBXGroup;
			children = (
				E991FFE8263CD72B007CDD8F /* State */,
				E96A4AA9260FFD74009EA367 /* AppState.swift */,
				E9ACD0DB2617E30B00650EAC /* MenuItem.swift */,
				E9163B36260EAAD200453411 /* MenuSection.swift */,
				E9ED74D8261301B300DCD4A3 /* PageType.swift */,
				E95432082612B29B001918F3 /* Theme.swift */,
			);
			path = Core;
			sourceTree = "<group>";
		};
		E954320D2612B358001918F3 /* Settings */ = {
			isa = PBXGroup;
			children = (
				E90853CD261153510001B9BE /* AboutDonateItem.swift */,
				E90853DD261158700001B9BE /* AboutLinkItem.swift */,
				E90853D8261157D50001B9BE /* AboutSystemItem.swift */,
				E954320E2612B389001918F3 /* SelectThemeButton.swift */,
				E95432132612B3A8001918F3 /* SelectThemeView.swift */,
			);
			path = Settings;
			sourceTree = "<group>";
		};
		E95432182612B66C001918F3 /* Currencies */ = {
			isa = PBXGroup;
			children = (
				E99F77C6261269EA009BDFF1 /* BitcoinUnitView.swift */,
				E99F77FA26128569009BDFF1 /* EthereumUnitView.swift */,
				E9D6005E2623D6A300AD3DCD /* LitecoinUnitView.swift */,
				E9787A05261804FE003C66B2 /* PolkadotUnitConverter.swift */,
			);
			path = Currencies;
			sourceTree = "<group>";
		};
		E96A4A9F260FE4C9009EA367 /* Navigation */ = {
			isa = PBXGroup;
			children = (
				E9163B3F260EACA900453411 /* NavigationRow.swift */,
				E9BC942926112C9900D8B83E /* PasteNavigationBar.swift */,
			);
			path = Navigation;
			sourceTree = "<group>";
		};
		E991FFE8263CD72B007CDD8F /* State */ = {
			isa = PBXGroup;
			children = (
				E991FFED263CE3F5007CDD8F /* BinaryState.swift */,
				E991FFEF263CEBE5007CDD8F /* KeypairState.swift */,
				E991FFF5263CF196007CDD8F /* MenuState.swift */,
				E991FFEB263CD854007CDD8F /* MessageState.swift */,
				E991FFE9263CD73A007CDD8F /* SystemState.swift */,
				E991FFF3263CF0BD007CDD8F /* ThemeState.swift */,
			);
			path = State;
			sourceTree = "<group>";
		};
		E9ACD0CE2617E1FF00650EAC /* Common */ = {
			isa = PBXGroup;
			children = (
				E9ADCF5C26228B7B00B0862E /* ClearButtonView.swift */,
				E96FB31326376AF400843CE1 /* ClipboardItemView.swift */,
				E9163B44260EAEA200453411 /* ComingSoonView.swift */,
				E9ADCF5026226CB000B0862E /* CopyAlertTextView.swift */,
				E928CEAA2627A893004FD5B4 /* CopyInputButtonView.swift */,
				E902F42D2616394500825004 /* QRCodeDisplayView.swift */,
			);
			path = Common;
			sourceTree = "<group>";
		};
		E9ADCF582622727500B0862E /* Items */ = {
			isa = PBXGroup;
			children = (
				E90775C9261E757C009D3D95 /* DigitalSignatureItemView.swift */,
				E9088B922617D287008C3BBC /* EllipticCurveItemView.swift */,
				E90853BF261148F30001B9BE /* EncodingItemView.swift */,
				E94E70DF2618E1A300354851 /* DecodingItemView.swift */,
				E96A4AB1260FFF0D009EA367 /* HashingItemView.swift */,
			);
			path = Items;
			sourceTree = "<group>";
		};
		E9D14B69260FDB81000B191B /* Functions */ = {
			isa = PBXGroup;
			children = (
				E9ADCF582622727500B0862E /* Items */,
				E97093272621088700C65FB3 /* ArbitaryPrecisionView.swift */,
				E96557D82616A432004E7BF1 /* BaseUnitConverterView.swift */,
				E94E70D72618DCDF00354851 /* DiffieHellmanView.swift */,
				E90775BC261E660D009D3D95 /* DigitalSignaturesView.swift */,
				E9088B872617CE45008C3BBC /* EllipticCurveView.swift */,
				E90853C4261149290001B9BE /* EncodingView.swift */,
				E945C39B260EC96F00E732A0 /* HashingView.swift */,
				E954321C2612B701001918F3 /* QRCodeGeneratorView.swift */,
				E9E2902E262247EA00ADA2B7 /* ShamirSecretView.swift */,
			);
			path = Functions;
			sourceTree = "<group>";
		};
		E9ED74AF2612E91A00DCD4A3 /* Modifiers */ = {
			isa = PBXGroup;
			children = (
				E9ED74B02612E93300DCD4A3 /* DarkModeViewModifier.swift */,
				E96FB2E92637586F00843CE1 /* HexKeyboardViewModifier.swift */,
				E9ED74CD2612FCC900DCD4A3 /* NavigationViewModifier.swift */,
				E96FB3022637605200843CE1 /* SimpleKeyboardViewModifier.swift */,
				E9ED74B82612F6C200DCD4A3 /* ThemeViewModifier.swift */,
			);
			path = Modifiers;
			sourceTree = "<group>";
		};
/* End PBXGroup section */

/* Begin PBXNativeTarget section */
		E9163AF9260EA4BA00453411 /* cryptoboy */ = {
			isa = PBXNativeTarget;
			buildConfigurationList = E9163B1F260EA4BB00453411 /* Build configuration list for PBXNativeTarget "cryptoboy" */;
			buildPhases = (
				432F1C580530C49FA561DEE1 /* [CP] Check Pods Manifest.lock */,
				E9163AF6260EA4BA00453411 /* Sources */,
				E9163AF7260EA4BA00453411 /* Frameworks */,
				E9163AF8260EA4BA00453411 /* Resources */,
			);
			buildRules = (
			);
			dependencies = (
			);
			name = cryptoboy;
			productName = cryptoboy;
			productReference = E9163AFA260EA4BA00453411 /* cryptoboy.app */;
			productType = "com.apple.product-type.application";
		};
/* End PBXNativeTarget section */

/* Begin PBXProject section */
		E9163AF2260EA4BA00453411 /* Project object */ = {
			isa = PBXProject;
			attributes = {
				LastSwiftUpdateCheck = 1240;
				LastUpgradeCheck = 1240;
				TargetAttributes = {
					E9163AF9260EA4BA00453411 = {
						CreatedOnToolsVersion = 12.4;
					};
				};
			};
			buildConfigurationList = E9163AF5260EA4BA00453411 /* Build configuration list for PBXProject "cryptoboy" */;
			compatibilityVersion = "Xcode 12.0";
			developmentRegion = en;
			hasScannedForEncodings = 0;
			knownRegions = (
				en,
				Base,
			);
			mainGroup = E9163AF1260EA4BA00453411;
			productRefGroup = E9163AFB260EA4BA00453411 /* Products */;
			projectDirPath = "";
			projectRoot = "";
			targets = (
				E9163AF9260EA4BA00453411 /* cryptoboy */,
			);
		};
/* End PBXProject section */

/* Begin PBXResourcesBuildPhase section */
		E9163AF8260EA4BA00453411 /* Resources */ = {
			isa = PBXResourcesBuildPhase;
			buildActionMask = 2147483647;
			files = (
				E9163B05260EA4BA00453411 /* Preview Assets.xcassets in Resources */,
				E9163B02260EA4BA00453411 /* Assets.xcassets in Resources */,
			);
			runOnlyForDeploymentPostprocessing = 0;
		};
/* End PBXResourcesBuildPhase section */

/* Begin PBXShellScriptBuildPhase section */
		432F1C580530C49FA561DEE1 /* [CP] Check Pods Manifest.lock */ = {
			isa = PBXShellScriptBuildPhase;
			buildActionMask = 2147483647;
			files = (
			);
			inputFileListPaths = (
			);
			inputPaths = (
				"${PODS_PODFILE_DIR_PATH}/Podfile.lock",
				"${PODS_ROOT}/Manifest.lock",
			);
			name = "[CP] Check Pods Manifest.lock";
			outputFileListPaths = (
			);
			outputPaths = (
				"$(DERIVED_FILE_DIR)/Pods-cryptoboy-checkManifestLockResult.txt",
			);
			runOnlyForDeploymentPostprocessing = 0;
			shellPath = /bin/sh;
			shellScript = "diff \"${PODS_PODFILE_DIR_PATH}/Podfile.lock\" \"${PODS_ROOT}/Manifest.lock\" > /dev/null\nif [ $? != 0 ] ; then\n    # print error to STDERR\n    echo \"error: The sandbox is not in sync with the Podfile.lock. Run 'pod install' or update your CocoaPods installation.\" >&2\n    exit 1\nfi\n# This output is used by Xcode 'outputs' to avoid re-running this script phase.\necho \"SUCCESS\" > \"${SCRIPT_OUTPUT_FILE_0}\"\n";
			showEnvVarsInLog = 0;
		};
/* End PBXShellScriptBuildPhase section */

/* Begin PBXSourcesBuildPhase section */
		E9163AF6260EA4BA00453411 /* Sources */ = {
			isa = PBXSourcesBuildPhase;
			buildActionMask = 2147483647;
			files = (
				E90853D9261157D50001B9BE /* AboutSystemItem.swift in Sources */,
				E9ED74C12612F8F500DCD4A3 /* HashFunction.swift in Sources */,
				E96A4A8F260FE2DF009EA367 /* SettingsView.swift in Sources */,
				E9163B45260EAEA200453411 /* ComingSoonView.swift in Sources */,
				E96FB2EA2637586F00843CE1 /* HexKeyboardViewModifier.swift in Sources */,
				E9ED74CE2612FCC900DCD4A3 /* NavigationViewModifier.swift in Sources */,
				E9163B4F260EB31200453411 /* MainView.swift in Sources */,
				E928CEAB2627A893004FD5B4 /* CopyInputButtonView.swift in Sources */,
				E90853C5261149290001B9BE /* EncodingView.swift in Sources */,
				E96557D92616A432004E7BF1 /* BaseUnitConverterView.swift in Sources */,
				E97093282621088700C65FB3 /* ArbitaryPrecisionView.swift in Sources */,
				E90775BD261E660D009D3D95 /* DigitalSignaturesView.swift in Sources */,
				E9ED74B92612F6C200DCD4A3 /* ThemeViewModifier.swift in Sources */,
				E94E70E02618E1A300354851 /* DecodingItemView.swift in Sources */,
				E9ED74B12612E93300DCD4A3 /* DarkModeViewModifier.swift in Sources */,
				E99F77FB26128569009BDFF1 /* EthereumUnitView.swift in Sources */,
				E945C39C260EC96F00E732A0 /* HashingView.swift in Sources */,
				E96A4A8E260FE2DF009EA367 /* ClipboardView.swift in Sources */,
				E90853CE261153510001B9BE /* AboutDonateItem.swift in Sources */,
				E991FFEC263CD854007CDD8F /* MessageState.swift in Sources */,
				E991FFEE263CE3F5007CDD8F /* BinaryState.swift in Sources */,
				E96FB2EF2637592300843CE1 /* UITextField.swift in Sources */,
				E945C397260EC96900E732A0 /* CryptoBoyApp.swift in Sources */,
				E902F3EE2616170B00825004 /* String+Filtering.swift in Sources */,
				E9D6005F2623D6A300AD3DCD /* LitecoinUnitView.swift in Sources */,
				E99F77C7261269EA009BDFF1 /* BitcoinUnitView.swift in Sources */,
				E991FFF0263CEBE5007CDD8F /* KeypairState.swift in Sources */,
				E991FFF4263CF0BD007CDD8F /* ThemeState.swift in Sources */,
				E90775C5261E7444009D3D95 /* SignatureFormat.swift in Sources */,
				E95432092612B29B001918F3 /* Theme.swift in Sources */,
				E96A4AAA260FFD74009EA367 /* AppState.swift in Sources */,
				E90775CA261E757C009D3D95 /* DigitalSignatureItemView.swift in Sources */,
				E9524A5D263DB7CB0069FFA9 /* QRCodeGenerator.swift in Sources */,
				E9E2902F262247EA00ADA2B7 /* ShamirSecretView.swift in Sources */,
				E9088B932617D287008C3BBC /* EllipticCurveItemView.swift in Sources */,
				E9163B00260EA4BA00453411 /* FunctionsView.swift in Sources */,
				E902F3E32616140300825004 /* CryptoUnitFormatter.swift in Sources */,
				E902F3F326161C4500825004 /* MinorUnit.swift in Sources */,
				E9088B992617D311008C3BBC /* EllipticCurvePublicKey.swift in Sources */,
				E95432142612B3A8001918F3 /* SelectThemeView.swift in Sources */,
				E937D404260ECB8A00A75B06 /* String+Hashing.swift in Sources */,
				E96A4A85260FE062009EA367 /* CurrenciesView.swift in Sources */,
				E9ED74D9261301B300DCD4A3 /* PageType.swift in Sources */,
				E991FFEA263CD73A007CDD8F /* SystemState.swift in Sources */,
				E97879FB2617EE88003C66B2 /* Data+Hashing.swift in Sources */,
				E96FB31426376AF400843CE1 /* ClipboardItemView.swift in Sources */,
				E96FB3032637605200843CE1 /* SimpleKeyboardViewModifier.swift in Sources */,
				E991FFF6263CF196007CDD8F /* MenuState.swift in Sources */,
				E9ADCF4926226B3300B0862E /* ClipboardHelper.swift in Sources */,
				E9BC9415261125E400D8B83E /* String+Encoding.swift in Sources */,
				E9ADCF5D26228B7B00B0862E /* ClearButtonView.swift in Sources */,
				E9088B882617CE45008C3BBC /* EllipticCurveView.swift in Sources */,
				E96A4AB2260FFF0D009EA367 /* HashingItemView.swift in Sources */,
				E9163B40260EACA900453411 /* NavigationRow.swift in Sources */,
				E96BC5022617B7C000D52BEF /* BaseUnitFormatter.swift in Sources */,
				E954321D2612B701001918F3 /* QRCodeGeneratorView.swift in Sources */,
				E9163B3A260EAAD200453411 /* MenuSection.swift in Sources */,
				E9ADCF5126226CB000B0862E /* CopyAlertTextView.swift in Sources */,
				E97093AC26210E0500C65FB3 /* BigOperation.swift in Sources */,
				E9BC942A26112C9900D8B83E /* PasteNavigationBar.swift in Sources */,
				E96557DE2616A536004E7BF1 /* BaseUnit.swift in Sources */,
				E90853DE261158700001B9BE /* AboutLinkItem.swift in Sources */,
				E954320F2612B389001918F3 /* SelectThemeButton.swift in Sources */,
				E90853C0261148F30001B9BE /* EncodingItemView.swift in Sources */,
				E94E70D82618DCDF00354851 /* DiffieHellmanView.swift in Sources */,
				E902F423261630F300825004 /* QRCodeHelper.swift in Sources */,
				E99F77B3261240DB009BDFF1 /* Array+RawRepresentable.swift in Sources */,
				E9ACD0DC2617E30B00650EAC /* MenuItem.swift in Sources */,
				E9ED74C62612FAAE00DCD4A3 /* EncodingFormat.swift in Sources */,
				E9787A06261804FE003C66B2 /* PolkadotUnitConverter.swift in Sources */,
				E902F42E2616394500825004 /* QRCodeDisplayView.swift in Sources */,
			);
			runOnlyForDeploymentPostprocessing = 0;
		};
/* End PBXSourcesBuildPhase section */

/* Begin XCBuildConfiguration section */
		E9163B1D260EA4BB00453411 /* Debug */ = {
			isa = XCBuildConfiguration;
			buildSettings = {
				ALWAYS_SEARCH_USER_PATHS = NO;
				CLANG_ANALYZER_NONNULL = YES;
				CLANG_ANALYZER_NUMBER_OBJECT_CONVERSION = YES_AGGRESSIVE;
				CLANG_CXX_LANGUAGE_STANDARD = "gnu++14";
				CLANG_CXX_LIBRARY = "libc++";
				CLANG_ENABLE_MODULES = YES;
				CLANG_ENABLE_OBJC_ARC = YES;
				CLANG_ENABLE_OBJC_WEAK = YES;
				CLANG_WARN_BLOCK_CAPTURE_AUTORELEASING = YES;
				CLANG_WARN_BOOL_CONVERSION = YES;
				CLANG_WARN_COMMA = YES;
				CLANG_WARN_CONSTANT_CONVERSION = YES;
				CLANG_WARN_DEPRECATED_OBJC_IMPLEMENTATIONS = YES;
				CLANG_WARN_DIRECT_OBJC_ISA_USAGE = YES_ERROR;
				CLANG_WARN_DOCUMENTATION_COMMENTS = YES;
				CLANG_WARN_EMPTY_BODY = YES;
				CLANG_WARN_ENUM_CONVERSION = YES;
				CLANG_WARN_INFINITE_RECURSION = YES;
				CLANG_WARN_INT_CONVERSION = YES;
				CLANG_WARN_NON_LITERAL_NULL_CONVERSION = YES;
				CLANG_WARN_OBJC_IMPLICIT_RETAIN_SELF = YES;
				CLANG_WARN_OBJC_LITERAL_CONVERSION = YES;
				CLANG_WARN_OBJC_ROOT_CLASS = YES_ERROR;
				CLANG_WARN_QUOTED_INCLUDE_IN_FRAMEWORK_HEADER = YES;
				CLANG_WARN_RANGE_LOOP_ANALYSIS = YES;
				CLANG_WARN_STRICT_PROTOTYPES = YES;
				CLANG_WARN_SUSPICIOUS_MOVE = YES;
				CLANG_WARN_UNGUARDED_AVAILABILITY = YES_AGGRESSIVE;
				CLANG_WARN_UNREACHABLE_CODE = YES;
				CLANG_WARN__DUPLICATE_METHOD_MATCH = YES;
				COPY_PHASE_STRIP = NO;
				DEBUG_INFORMATION_FORMAT = dwarf;
				ENABLE_STRICT_OBJC_MSGSEND = YES;
				ENABLE_TESTABILITY = YES;
				GCC_C_LANGUAGE_STANDARD = gnu11;
				GCC_DYNAMIC_NO_PIC = NO;
				GCC_NO_COMMON_BLOCKS = YES;
				GCC_OPTIMIZATION_LEVEL = 0;
				GCC_PREPROCESSOR_DEFINITIONS = (
					"DEBUG=1",
					"$(inherited)",
				);
				GCC_WARN_64_TO_32_BIT_CONVERSION = YES;
				GCC_WARN_ABOUT_RETURN_TYPE = YES_ERROR;
				GCC_WARN_UNDECLARED_SELECTOR = YES;
				GCC_WARN_UNINITIALIZED_AUTOS = YES_AGGRESSIVE;
				GCC_WARN_UNUSED_FUNCTION = YES;
				GCC_WARN_UNUSED_VARIABLE = YES;
				IPHONEOS_DEPLOYMENT_TARGET = 14.4;
				MTL_ENABLE_DEBUG_INFO = INCLUDE_SOURCE;
				MTL_FAST_MATH = YES;
				ONLY_ACTIVE_ARCH = YES;
				SDKROOT = iphoneos;
				SWIFT_ACTIVE_COMPILATION_CONDITIONS = DEBUG;
				SWIFT_OPTIMIZATION_LEVEL = "-Onone";
			};
			name = Debug;
		};
		E9163B1E260EA4BB00453411 /* Release */ = {
			isa = XCBuildConfiguration;
			buildSettings = {
				ALWAYS_SEARCH_USER_PATHS = NO;
				CLANG_ANALYZER_NONNULL = YES;
				CLANG_ANALYZER_NUMBER_OBJECT_CONVERSION = YES_AGGRESSIVE;
				CLANG_CXX_LANGUAGE_STANDARD = "gnu++14";
				CLANG_CXX_LIBRARY = "libc++";
				CLANG_ENABLE_MODULES = YES;
				CLANG_ENABLE_OBJC_ARC = YES;
				CLANG_ENABLE_OBJC_WEAK = YES;
				CLANG_WARN_BLOCK_CAPTURE_AUTORELEASING = YES;
				CLANG_WARN_BOOL_CONVERSION = YES;
				CLANG_WARN_COMMA = YES;
				CLANG_WARN_CONSTANT_CONVERSION = YES;
				CLANG_WARN_DEPRECATED_OBJC_IMPLEMENTATIONS = YES;
				CLANG_WARN_DIRECT_OBJC_ISA_USAGE = YES_ERROR;
				CLANG_WARN_DOCUMENTATION_COMMENTS = YES;
				CLANG_WARN_EMPTY_BODY = YES;
				CLANG_WARN_ENUM_CONVERSION = YES;
				CLANG_WARN_INFINITE_RECURSION = YES;
				CLANG_WARN_INT_CONVERSION = YES;
				CLANG_WARN_NON_LITERAL_NULL_CONVERSION = YES;
				CLANG_WARN_OBJC_IMPLICIT_RETAIN_SELF = YES;
				CLANG_WARN_OBJC_LITERAL_CONVERSION = YES;
				CLANG_WARN_OBJC_ROOT_CLASS = YES_ERROR;
				CLANG_WARN_QUOTED_INCLUDE_IN_FRAMEWORK_HEADER = YES;
				CLANG_WARN_RANGE_LOOP_ANALYSIS = YES;
				CLANG_WARN_STRICT_PROTOTYPES = YES;
				CLANG_WARN_SUSPICIOUS_MOVE = YES;
				CLANG_WARN_UNGUARDED_AVAILABILITY = YES_AGGRESSIVE;
				CLANG_WARN_UNREACHABLE_CODE = YES;
				CLANG_WARN__DUPLICATE_METHOD_MATCH = YES;
				COPY_PHASE_STRIP = NO;
				DEBUG_INFORMATION_FORMAT = "dwarf-with-dsym";
				ENABLE_NS_ASSERTIONS = NO;
				ENABLE_STRICT_OBJC_MSGSEND = YES;
				GCC_C_LANGUAGE_STANDARD = gnu11;
				GCC_NO_COMMON_BLOCKS = YES;
				GCC_WARN_64_TO_32_BIT_CONVERSION = YES;
				GCC_WARN_ABOUT_RETURN_TYPE = YES_ERROR;
				GCC_WARN_UNDECLARED_SELECTOR = YES;
				GCC_WARN_UNINITIALIZED_AUTOS = YES_AGGRESSIVE;
				GCC_WARN_UNUSED_FUNCTION = YES;
				GCC_WARN_UNUSED_VARIABLE = YES;
				IPHONEOS_DEPLOYMENT_TARGET = 14.4;
				MTL_ENABLE_DEBUG_INFO = NO;
				MTL_FAST_MATH = YES;
				SDKROOT = iphoneos;
				SWIFT_COMPILATION_MODE = wholemodule;
				SWIFT_OPTIMIZATION_LEVEL = "-O";
				VALIDATE_PRODUCT = YES;
			};
			name = Release;
		};
		E9163B20260EA4BB00453411 /* Debug */ = {
			isa = XCBuildConfiguration;
			baseConfigurationReference = DB873BBB4D4F864C700D46AD /* Pods-cryptoboy.debug.xcconfig */;
			buildSettings = {
				ASSETCATALOG_COMPILER_APPICON_NAME = AppIcon;
				ASSETCATALOG_COMPILER_GLOBAL_ACCENT_COLOR_NAME = AccentColor;
				CODE_SIGN_IDENTITY = "Apple Development";
				CODE_SIGN_STYLE = Automatic;
				CURRENT_PROJECT_VERSION = 0.2.3;
				DEVELOPMENT_ASSET_PATHS = "\"cryptoboy/Preview Content\"";
				DEVELOPMENT_TEAM = ACU6WYW3JF;
				ENABLE_PREVIEWS = NO;
				INFOPLIST_FILE = cryptoboy/Info.plist;
				IPHONEOS_DEPLOYMENT_TARGET = 14.0;
				LD_RUNPATH_SEARCH_PATHS = (
					"$(inherited)",
					"@executable_path/Frameworks",
				);
				MARKETING_VERSION = 0.2.3;
				PRODUCT_BUNDLE_IDENTIFIER = engineering.pavel.cryptoboy;
				PRODUCT_NAME = "$(TARGET_NAME)";
				PROVISIONING_PROFILE_SPECIFIER = "";
				SWIFT_VERSION = 5.0;
				TARGETED_DEVICE_FAMILY = 1;
			};
			name = Debug;
		};
		E9163B21260EA4BB00453411 /* Release */ = {
			isa = XCBuildConfiguration;
			baseConfigurationReference = E1E84236F48D7A61A8D3980E /* Pods-cryptoboy.release.xcconfig */;
			buildSettings = {
				ASSETCATALOG_COMPILER_APPICON_NAME = AppIcon;
				ASSETCATALOG_COMPILER_GLOBAL_ACCENT_COLOR_NAME = AccentColor;
				CODE_SIGN_IDENTITY = "Apple Development";
				CODE_SIGN_STYLE = Automatic;
				CURRENT_PROJECT_VERSION = 0.2.3;
				DEVELOPMENT_ASSET_PATHS = "\"cryptoboy/Preview Content\"";
				DEVELOPMENT_TEAM = ACU6WYW3JF;
				ENABLE_PREVIEWS = NO;
				INFOPLIST_FILE = cryptoboy/Info.plist;
				IPHONEOS_DEPLOYMENT_TARGET = 14.0;
				LD_RUNPATH_SEARCH_PATHS = (
					"$(inherited)",
					"@executable_path/Frameworks",
				);
				MARKETING_VERSION = 0.2.3;
				PRODUCT_BUNDLE_IDENTIFIER = engineering.pavel.cryptoboy;
				PRODUCT_NAME = "$(TARGET_NAME)";
				PROVISIONING_PROFILE_SPECIFIER = "";
				SWIFT_VERSION = 5.0;
				TARGETED_DEVICE_FAMILY = 1;
			};
			name = Release;
		};
/* End XCBuildConfiguration section */

/* Begin XCConfigurationList section */
		E9163AF5260EA4BA00453411 /* Build configuration list for PBXProject "cryptoboy" */ = {
			isa = XCConfigurationList;
			buildConfigurations = (
				E9163B1D260EA4BB00453411 /* Debug */,
				E9163B1E260EA4BB00453411 /* Release */,
			);
			defaultConfigurationIsVisible = 0;
			defaultConfigurationName = Release;
		};
		E9163B1F260EA4BB00453411 /* Build configuration list for PBXNativeTarget "cryptoboy" */ = {
			isa = XCConfigurationList;
			buildConfigurations = (
				E9163B20260EA4BB00453411 /* Debug */,
				E9163B21260EA4BB00453411 /* Release */,
			);
			defaultConfigurationIsVisible = 0;
			defaultConfigurationName = Release;
		};
/* End XCConfigurationList section */
	};
	rootObject = E9163AF2260EA4BA00453411 /* Project object */;
}
